Microsoft Visual Studio Solution File, Format Version 12.00
# Visual Studio Version 17
VisualStudioVersion = 17.5.2.0
MinimumVisualStudioVersion = 10.0.40219.1
Project("{FAE04EC0-301F-11D3-BF4B-00C04F79EFBC}") = "puzzle", "puzzle.csproj", "{AEB0E2C8-3E05-0699-2717-EC72C2A71B62}"
EndProject
Global
	GlobalSection(SolutionConfigurationPlatforms) = preSolution
		Debug|Any CPU = Debug|Any CPU
		Release|Any CPU = Release|Any CPU
	EndGlobalSection
	GlobalSection(ProjectConfigurationPlatforms) = postSolution
		{AEB0E2C8-3E05-0699-2717-EC72C2A71B62}.Debug|Any CPU.ActiveCfg = Debug|Any CPU
		{AEB0E2C8-3E05-0699-2717-EC72C2A71B62}.Debug|Any CPU.Build.0 = Debug|Any CPU
		{AEB0E2C8-3E05-0699-2717-EC72C2A71B62}.Release|Any CPU.ActiveCfg = Release|Any CPU
		{AEB0E2C8-3E05-0699-2717-EC72C2A71B62}.Release|Any CPU.Build.0 = Release|Any CPU
	EndGlobalSection
	GlobalSection(SolutionProperties) = preSolution
		HideSolutionNode = FALSE
	EndGlobalSection
	GlobalSection(ExtensibilityGlobals) = postSolution
		SolutionGuid = {E27FAC36-0933-4651-B870-8D3563C70AD6}
	EndGlobalSection
EndGlobal
